PODS:
  - CalculateCalendarLogic (0.2.0)
  - FSCalendar (2.7.9)
  - Realm (3.8.0):
    - Realm/Headers (= 3.8.0)
  - Realm/Headers (3.8.0)
  - RealmSwift (3.8.0):
    - Realm (= 3.8.0)

DEPENDENCIES:
  - CalculateCalendarLogic
  - FSCalendar
  - RealmSwift

SPEC REPOS:
  https://github.com/cocoapods/specs.git:
    - CalculateCalendarLogic
    - FSCalendar
    - Realm
    - RealmSwift

SPEC CHECKSUMS:
  CalculateCalendarLogic: d7b6bf4ed6c0c21937efb7323c67d09cdb12a1ad
  FSCalendar: a04b09f16f811bc92e82f3cf852a15225233b9d5
  Realm: 3fdae59de78838064e9f77638d7cdb7b8cff9dc8
  RealmSwift: c990518b800e106d1f77099d3a4648c3b100337d

PODFILE CHECKSUM: 9b8c3de4fae9c1dd2a481eea891dd470ad50642c

COCOAPODS: 1.7.2
